github.com/feyeleanor/chain v0.0.0-20161231001018-ef8fa8a672db h1:lJdZACqFzolijTKDF4iDvwvpm8EpJPRoxQW0zGxxbT4=
github.com/feyeleanor/chain v0.0.0-20161231001018-ef8fa8a672db/go.mod h1:JmOHkv3dWFxcL2FkYKAuKjgX8ZLHyrUvx1IF7NPMXSg=
github.com/feyeleanor/jittery v0.0.0-20161230190557-3fb4c65493ea h1:bl7kntu95Xa/T9k5vmokkE3T/EIEEte8TgUKJmbm7MQ=
github.com/feyeleanor/jittery v0.0.0-20161230190557-3fb4c65493ea/go.mod h1:i/nLnk+hJhjwgUcEA6XskX8flHsZ5aOfb+C5jZ0rc2Q=
